
Microsoft Visual Studio Solution File, Format Version 12.00
# Visual Studio 14
VisualStudioVersion = 14.0.25123.0
MinimumVisualStudioVersion = 10.0.40219.1
Project("{FAE04EC0-301F-11D3-BF4B-00C04F79EFBC}") = "LODH_Game", "LOG_Game\LODH_Game.csproj", "{EA0831C8-979A-45F3-881A-8B351EBF86A9}"
EndProject
Project("{FAE04EC0-301F-11D3-BF4B-00C04F79EFBC}") = "Entity", "Entity\Entity.csproj", "{A3047865-8CA3-4F74-8079-E315E1C44BBA}"
EndProject
Project("{FAE04EC0-301F-11D3-BF4B-00C04F79EFBC}") = "Tools", "Tools\Tools.csproj", "{B764F8AB-A03E-47E7-99E5-546DA20EB772}"
EndProject
Project("{FAE04EC0-301F-11D3-BF4B-00C04F79EFBC}") = "DAL", "DAL\DAL.csproj", "{DD65BCEC-87F8-44C5-AFF2-F4A4386BBBB8}"
EndProject
Global
	GlobalSection(SolutionConfigurationPlatforms) = preSolution
		Debug|Any CPU = Debug|Any CPU
		Release|Any CPU = Release|Any CPU
	EndGlobalSection
	GlobalSection(ProjectConfigurationPlatforms) = postSolution
		{EA0831C8-979A-45F3-881A-8B351EBF86A9}.Debug|Any CPU.ActiveCfg = Debug|Any CPU
		{EA0831C8-979A-45F3-881A-8B351EBF86A9}.Debug|Any CPU.Build.0 = Debug|Any CPU
		{EA0831C8-979A-45F3-881A-8B351EBF86A9}.Release|Any CPU.ActiveCfg = Release|Any CPU
		{EA0831C8-979A-45F3-881A-8B351EBF86A9}.Release|Any CPU.Build.0 = Release|Any CPU
		{A3047865-8CA3-4F74-8079-E315E1C44BBA}.Debug|Any CPU.ActiveCfg = Debug|Any CPU
		{A3047865-8CA3-4F74-8079-E315E1C44BBA}.Debug|Any CPU.Build.0 = Debug|Any CPU
		{A3047865-8CA3-4F74-8079-E315E1C44BBA}.Release|Any CPU.ActiveCfg = Release|Any CPU
		{A3047865-8CA3-4F74-8079-E315E1C44BBA}.Release|Any CPU.Build.0 = Release|Any CPU
		{B764F8AB-A03E-47E7-99E5-546DA20EB772}.Debug|Any CPU.ActiveCfg = Debug|Any CPU
		{B764F8AB-A03E-47E7-99E5-546DA20EB772}.Debug|Any CPU.Build.0 = Debug|Any CPU
		{B764F8AB-A03E-47E7-99E5-546DA20EB772}.Release|Any CPU.ActiveCfg = Release|Any CPU
		{B764F8AB-A03E-47E7-99E5-546DA20EB772}.Release|Any CPU.Build.0 = Release|Any CPU
		{DD65BCEC-87F8-44C5-AFF2-F4A4386BBBB8}.Debug|Any CPU.ActiveCfg = Debug|Any CPU
		{DD65BCEC-87F8-44C5-AFF2-F4A4386BBBB8}.Debug|Any CPU.Build.0 = Debug|Any CPU
		{DD65BCEC-87F8-44C5-AFF2-F4A4386BBBB8}.Release|Any CPU.ActiveCfg = Release|Any CPU
		{DD65BCEC-87F8-44C5-AFF2-F4A4386BBBB8}.Release|Any CPU.Build.0 = Release|Any CPU
	EndGlobalSection
	GlobalSection(SolutionProperties) = preSolution
		HideSolutionNode = FALSE
	EndGlobalSection
EndGlobal
